
Microsoft Visual Studio Solution File, Format Version 12.00
# Visual Studio Version 17
VisualStudioVersion = 17.11.35005.142
MinimumVisualStudioVersion = 10.0.40219.1
Project("{FAE04EC0-301F-11D3-BF4B-00C04F79EFBC}") = "FreelipinoContractSystem", "FreelipinoContractSystem\FreelipinoContractSystem.csproj", "{F1ADB298-36CF-4431-BD8C-8E78FB867757}"
EndProject
Global
	GlobalSection(SolutionConfigurationPlatforms) = preSolution
		Debug|Any CPU = Debug|Any CPU
		Release|Any CPU = Release|Any CPU
	EndGlobalSection
	GlobalSection(ProjectConfigurationPlatforms) = postSolution
		{F1ADB298-36CF-4431-BD8C-8E78FB867757}.Debug|Any CPU.ActiveCfg = Debug|Any CPU
		{F1ADB298-36CF-4431-BD8C-8E78FB867757}.Debug|Any CPU.Build.0 = Debug|Any CPU
		{F1ADB298-36CF-4431-BD8C-8E78FB867757}.Release|Any CPU.ActiveCfg = Release|Any CPU
		{F1ADB298-36CF-4431-BD8C-8E78FB867757}.Release|Any CPU.Build.0 = Release|Any CPU
	EndGlobalSection
	GlobalSection(SolutionProperties) = preSolution
		HideSolutionNode = FALSE
	EndGlobalSection
	GlobalSection(ExtensibilityGlobals) = postSolution
		SolutionGuid = {BDAB5D47-C763-4D82-9E5B-D1F80AE21776}
	EndGlobalSection
EndGlobal
